
Microsoft Visual Studio Solution File, Format Version 12.00
# Visual Studio Version 16
VisualStudioVersion = 16.0.30517.126
MinimumVisualStudioVersion = 10.0.40219.1
Project("{2150E333-8FDC-42A3-9474-1A3956D46DE8}") = "Docs", "Docs", "{860DED10-3CA9-4A68-8793-933CFA512D71}"
	ProjectSection(SolutionItems) = preProject
		LICENSE = LICENSE
		README.md = README.md
	EndProjectSection
EndProject
Project("{9A19103F-16F7-4668-BE54-9A1E7A4F7556}") = "JeffGoldblumPlugin", "JeffGoldblumPlugin\JeffGoldblumPlugin.csproj", "{CFA1F2E0-3537-45B3-93E7-9F4CF3679821}"
EndProject
Global
	GlobalSection(SolutionConfigurationPlatforms) = preSolution
		Debug|Any CPU = Debug|Any CPU
		Release|Any CPU = Release|Any CPU
	EndGlobalSection
	GlobalSection(ProjectConfigurationPlatforms) = postSolution
		{CFA1F2E0-3537-45B3-93E7-9F4CF3679821}.Debug|Any CPU.ActiveCfg = Debug|Any CPU
		{CFA1F2E0-3537-45B3-93E7-9F4CF3679821}.Debug|Any CPU.Build.0 = Debug|Any CPU
		{CFA1F2E0-3537-45B3-93E7-9F4CF3679821}.Release|Any CPU.ActiveCfg = Release|Any CPU
		{CFA1F2E0-3537-45B3-93E7-9F4CF3679821}.Release|Any CPU.Build.0 = Release|Any CPU
	EndGlobalSection
	GlobalSection(SolutionProperties) = preSolution
		HideSolutionNode = FALSE
	EndGlobalSection
	GlobalSection(ExtensibilityGlobals) = postSolution
		SolutionGuid = {2922D104-78D2-40A3-AF9F-45AE46B6CAEF}
	EndGlobalSection
EndGlobal
